github.com/lainio/err2 v0.9.0 h1:4ILuU6dczlPMAIZQSmLZhCjc1AWHJ8e+b67N7sTX6Po=
github.com/lainio/err2 v0.9.0/go.mod h1:5d/fy7+ytZJEybxIPN/LGEfvnU4y+JWE1tZAWRECJqY=
github.com/lainio/err2 v0.9.41 h1:aTJOSUvq7WIZJjVkDvefLakW734buyLhM2Bkj8K4AVM=
github.com/lainio/err2 v0.9.41/go.mod h1:glTVV2qNFbBy6WzZFDP2G5BqMiZI58cudp588cEgCuM=
